github.com/dkotik/kidwords v0.0.0-20230927141443-ba1685861a8f h1:UHt5qUkeq2QKFfBgoAwM5RegezBtZTDP5j7m0Gi6/IA=
github.com/dkotik/kidwords v0.0.0-20230927141443-ba1685861a8f/go.mod h1:KrlAMq7415VpujEf5gDQVYaTWNiuR8st5jZYyueyVHo=
github.com/klauspost/compress v1.17.0 h1:Rnbp4K9EjcDuVuHtd0dgA4qNuv9yKDYKK1ulpJwgrqM=
github.com/klauspost/compress v1.17.0/go.mod h1:ntbaceVETuRiXiv4DpjP66DpAtAGkEQskQzEyD//IeE=
github.com/spf13/pflag v1.0.5 h1:iy+VFUOCP1a+8yFto/drg2CJ5u0yRoB7fZw3DKv/JXA=
github.com/spf13/pflag v1.0.5/go.mod h1:McXfInJRrz4CZXVZOBLb0bTZqETkiAhM9Iw0y3An2Bg=
